{
  "name": "expo-music-info",
  "version": "1.0.1",
  "lockfileVersion": 2,
  "requires": true,
  "packages": {
    "": {
      "name": "expo-music-info",
      "version": "1.0.1",
      "license": "MIT",
      "dependencies": {
        "base-64": "^1.0.0",
        "expo-file-system": "~8.1.0"
      }
    },
    "node_modules/base-64": {
      "version": "1.0.0",
      "resolved": "https://registry.npmjs.org/base-64/-/base-64-1.0.0.tgz",
      "integrity": "sha512-kwDPIFCGx0NZHog36dj+tHiwP4QMzsZ3AgMViUBKI0+V5n4U0ufTCUMhnQ04diaRI8EX/QcPfql7zlhZ7j4zgg=="
    },
    "node_modules/expo-file-system": {
      "version": "8.1.0",
      "resolved": "https://registry.npmjs.org/expo-file-system/-/expo-file-system-8.1.0.tgz",
      "integrity": "sha512-xb4roeU8CotW8t3LkmsrliNbgFpY2KB+3sW1NnujnH39pFVwCd/kfujCYzRauj8aUy/HhSq+3xGkQTpC7pSjVw==",
      "dependencies": {
        "uuid": "^3.4.0"
      }
    },
    "node_modules/uuid": {
      "version": "3.4.0",
      "resolved": "https://registry.npmjs.org/uuid/-/uuid-3.4.0.tgz",
      "integrity": "sha512-HjSDRw6gZE5JMggctHBcjVak08+KEVhSIiDzFnT9S9aegmp85S/bReBVTb4QTFaRNptJ9kuYaNhnbNEOkbKb/A==",
      "deprecated": "Please upgrade  to version 7 or higher.  Older versions may use Math.random() in certain circumstances, which is known to be problematic.  See https://v8.dev/blog/math-random for details.",
      "bin": {
        "uuid": "bin/uuid"
      }
    }
  },
  "dependencies": {
    "base-64": {
      "version": "1.0.0",
      "resolved": "https://registry.npmjs.org/base-64/-/base-64-1.0.0.tgz",
      "integrity": "sha512-kwDPIFCGx0NZHog36dj+tHiwP4QMzsZ3AgMViUBKI0+V5n4U0ufTCUMhnQ04diaRI8EX/QcPfql7zlhZ7j4zgg=="
    },
    "expo-file-system": {
      "version": "8.1.0",
      "resolved": "https://registry.npmjs.org/expo-file-system/-/expo-file-system-8.1.0.tgz",
      "integrity": "sha512-xb4roeU8CotW8t3LkmsrliNbgFpY2KB+3sW1NnujnH39pFVwCd/kfujCYzRauj8aUy/HhSq+3xGkQTpC7pSjVw==",
      "requires": {
        "uuid": "^3.4.0"
      }
    },
    "uuid": {
      "version": "3.4.0",
      "resolved": "https://registry.npmjs.org/uuid/-/uuid-3.4.0.tgz",
      "integrity": "sha512-HjSDRw6gZE5JMggctHBcjVak08+KEVhSIiDzFnT9S9aegmp85S/bReBVTb4QTFaRNptJ9kuYaNhnbNEOkbKb/A=="
    }
  }
}
